
Microsoft Visual Studio Solution File, Format Version 12.00
# Visual Studio 15
VisualStudioVersion = 15.0.27428.2027
MinimumVisualStudioVersion = 10.0.40219.1
Project("{FAE04EC0-301F-11D3-BF4B-00C04F79EFBC}") = "OGMDotNet", "OGMDotNet\OGMDotNet.csproj", "{50C431B0-AFAA-4BB7-BF4A-E2F0B8DC8C7A}"
EndProject
Global
	GlobalSection(SolutionConfigurationPlatforms) = preSolution
		Debug|Any CPU = Debug|Any CPU
		Release|Any CPU = Release|Any CPU
	EndGlobalSection
	GlobalSection(ProjectConfigurationPlatforms) = postSolution
		{50C431B0-AFAA-4BB7-BF4A-E2F0B8DC8C7A}.Debug|Any CPU.ActiveCfg = Debug|Any CPU
		{50C431B0-AFAA-4BB7-BF4A-E2F0B8DC8C7A}.Debug|Any CPU.Build.0 = Debug|Any CPU
		{50C431B0-AFAA-4BB7-BF4A-E2F0B8DC8C7A}.Release|Any CPU.ActiveCfg = Release|Any CPU
		{50C431B0-AFAA-4BB7-BF4A-E2F0B8DC8C7A}.Release|Any CPU.Build.0 = Release|Any CPU
	EndGlobalSection
	GlobalSection(SolutionProperties) = preSolution
		HideSolutionNode = FALSE
	EndGlobalSection
	GlobalSection(ExtensibilityGlobals) = postSolution
		SolutionGuid = {EFE43EEA-559B-41E1-842F-267F5267D07F}
	EndGlobalSection
EndGlobal
